{
  "name": "frontend",
  "version": "1.0.0",
  "lockfileVersion": 3,
  "requires": true,
  "packages": {
    "": {
      "name": "frontend",
      "version": "1.0.0",
      "license": "ISC",
      "dependencies": {
        "angular": "^1.4.8"
      }
    },
    "node_modules/angular": {
      "version": "1.4.8",
      "resolved": "https://registry.npmjs.org/angular/-/angular-1.4.8.tgz",
      "integrity": "sha512-Ku266I8YeRwtdnBWv3gAQPGxCZ4ASQAibbe+kHH5z6aNswv8juQrfGnWcwnvZ3iuL0ge2VgZe8OtrcvXBRufgg==",
      "deprecated": "For the actively supported Angular, see https://www.npmjs.com/package/@angular/core. AngularJS support has officially ended. For extended AngularJS support options, see https://goo.gle/angularjs-path-forward."
    }
  }
}
